// !$*UTF8*$!
{
	archiveVersion = 1;
	classes = {
	};
	objectVersion = 56;
	objects = {

/* Begin PBXBuildFile section */
		9CA05DB7299BA9A0009D71CA /* AppDelegate.swift in Sources */ = {isa = PBXBuildFile; fileRef = 9CA05DB6299BA9A0009D71CA /* AppDelegate.swift */; };
		9CA05DB9299BA9A0009D71CA /* SceneDelegate.swift in Sources */ = {isa = PBXBuildFile; fileRef = 9CA05DB8299BA9A0009D71CA /* SceneDelegate.swift */; };
		9CA05DBB299BA9A0009D71CA /* ViewController.swift in Sources */ = {isa = PBXBuildFile; fileRef = 9CA05DBA299BA9A0009D71CA /* ViewController.swift */; };
		9CA05DBE299BA9A0009D71CA /* Main.storyboard in Resources */ = {isa = PBXBuildFile; fileRef = 9CA05DBC299BA9A0009D71CA /* Main.storyboard */; };
		9CA05DC0299BA9A5009D71CA /* Assets.xcassets in Resources */ = {isa = PBXBuildFile; fileRef = 9CA05DBF299BA9A5009D71CA /* Assets.xcassets */; };
		9CA05DC3299BA9A5009D71CA /* LaunchScreen.storyboard in Resources */ = {isa = PBXBuildFile; fileRef = 9CA05DC1299BA9A5009D71CA /* LaunchScreen.storyboard */; };
		9CA05DCC299BAABE009D71CA /* CitiesManager.swift in Sources */ = {isa = PBXBuildFile; fileRef = 9CA05DCB299BAABE009D71CA /* CitiesManager.swift */; };
		9CA05DCF299BAADF009D71CA /* CityServiceModel.swift in Sources */ = {isa = PBXBuildFile; fileRef = 9CA05DCE299BAADF009D71CA /* CityServiceModel.swift */; };
/* End PBXBuildFile section */

/* Begin PBXFileReference section */
		9CA05DB3299BA9A0009D71CA /* DispatchGroup.app */ = {isa = PBXFileReference; explicitFileType = wrapper.application; includeInIndex = 0; path = DispatchGroup.app; sourceTree = BUILT_PRODUCTS_DIR; };
		9CA05DB6299BA9A0009D71CA /* AppDelegate.swift */ = {isa = PBXFileReference; lastKnownFileType = sourcecode.swift; path = AppDelegate.swift; sourceTree = "<group>"; };
		9CA05DB8299BA9A0009D71CA /* SceneDelegate.swift */ = {isa = PBXFileReference; lastKnownFileType = sourcecode.swift; path = SceneDelegate.swift; sourceTree = "<group>"; };
		9CA05DBA299BA9A0009D71CA /* ViewController.swift */ = {isa = PBXFileReference; lastKnownFileType = sourcecode.swift; path = ViewController.swift; sourceTree = "<group>"; };
		9CA05DBD299BA9A0009D71CA /* Base */ = {isa = PBXFileReference; lastKnownFileType = file.storyboard; name = Base; path = Base.lproj/Main.storyboard; sourceTree = "<group>"; };
		9CA05DBF299BA9A5009D71CA /* Assets.xcassets */ = {isa = PBXFileReference; lastKnownFileType = folder.assetcatalog; path = Assets.xcassets; sourceTree = "<group>"; };
		9CA05DC2299BA9A5009D71CA /* Base */ = {isa = PBXFileReference; lastKnownFileType = file.storyboard; name = Base; path = Base.lproj/LaunchScreen.storyboard; sourceTree = "<group>"; };
		9CA05DC4299BA9A5009D71CA /* Info.plist */ = {isa = PBXFileReference; lastKnownFileType = text.plist.xml; path = Info.plist; sourceTree = "<group>"; };
		9CA05DCB299BAABE009D71CA /* CitiesManager.swift */ = {isa = PBXFileReference; lastKnownFileType = sourcecode.swift; path = CitiesManager.swift; sourceTree = "<group>"; };
		9CA05DCE299BAADF009D71CA /* CityServiceModel.swift */ = {isa = PBXFileReference; lastKnownFileType = sourcecode.swift; path = CityServiceModel.swift; sourceTree = "<group>"; };
/* End PBXFileReference section */

/* Begin PBXFrameworksBuildPhase section */
		9CA05DB0299BA9A0009D71CA /* Frameworks */ = {
			isa = PBXFrameworksBuildPhase;
			buildActionMask = 2147483647;
			files = (
			);
			runOnlyForDeploymentPostprocessing = 0;
		};
/* End PBXFrameworksBuildPhase section */

/* Begin PBXGroup section */
		9CA05DAA299BA9A0009D71CA = {
			isa = PBXGroup;
			children = (
				9CA05DB5299BA9A0009D71CA /* DispatchGroup */,
				9CA05DB4299BA9A0009D71CA /* Products */,
			);
			sourceTree = "<group>";
		};
		9CA05DB4299BA9A0009D71CA /* Products */ = {
			isa = PBXGroup;
			children = (
				9CA05DB3299BA9A0009D71CA /* DispatchGroup.app */,
			);
			name = Products;
			sourceTree = "<group>";
		};
		9CA05DB5299BA9A0009D71CA /* DispatchGroup */ = {
			isa = PBXGroup;
			children = (
				9CA05DCD299BAACB009D71CA /* Models */,
				9CA05DCA299BAAB7009D71CA /* Manager */,
				9CA05DB6299BA9A0009D71CA /* AppDelegate.swift */,
				9CA05DB8299BA9A0009D71CA /* SceneDelegate.swift */,
				9CA05DBA299BA9A0009D71CA /* ViewController.swift */,
				9CA05DBC299BA9A0009D71CA /* Main.storyboard */,
				9CA05DBF299BA9A5009D71CA /* Assets.xcassets */,
				9CA05DC1299BA9A5009D71CA /* LaunchScreen.storyboard */,
				9CA05DC4299BA9A5009D71CA /* Info.plist */,
			);
			path = DispatchGroup;
			sourceTree = "<group>";
		};
		9CA05DCA299BAAB7009D71CA /* Manager */ = {
			isa = PBXGroup;
			children = (
				9CA05DCB299BAABE009D71CA /* CitiesManager.swift */,
			);
			path = Manager;
			sourceTree = "<group>";
		};
		9CA05DCD299BAACB009D71CA /* Models */ = {
			isa = PBXGroup;
			children = (
				9CA05DCE299BAADF009D71CA /* CityServiceModel.swift */,
			);
			path = Models;
			sourceTree = "<group>";
		};
/* End PBXGroup section */

/* Begin PBXNativeTarget section */
		9CA05DB2299BA9A0009D71CA /* DispatchGroup */ = {
			isa = PBXNativeTarget;
			buildConfigurationList = 9CA05DC7299BA9A5009D71CA /* Build configuration list for PBXNativeTarget "DispatchGroup" */;
			buildPhases = (
				9CA05DAF299BA9A0009D71CA /* Sources */,
				9CA05DB0299BA9A0009D71CA /* Frameworks */,
				9CA05DB1299BA9A0009D71CA /* Resources */,
			);
			buildRules = (
			);
			dependencies = (
			);
			name = DispatchGroup;
			productName = DispatchGroup;
			productReference = 9CA05DB3299BA9A0009D71CA /* DispatchGroup.app */;
			productType = "com.apple.product-type.application";
		};
/* End PBXNativeTarget section */

/* Begin PBXProject section */
		9CA05DAB299BA9A0009D71CA /* Project object */ = {
			isa = PBXProject;
			attributes = {
				BuildIndependentTargetsInParallel = 1;
				LastSwiftUpdateCheck = 1400;
				LastUpgradeCheck = 1400;
				TargetAttributes = {
					9CA05DB2299BA9A0009D71CA = {
						CreatedOnToolsVersion = 14.0.1;
					};
				};
			};
			buildConfigurationList = 9CA05DAE299BA9A0009D71CA /* Build configuration list for PBXProject "DispatchGroup" */;
			compatibilityVersion = "Xcode 14.0";
			developmentRegion = en;
			hasScannedForEncodings = 0;
			knownRegions = (
				en,
				Base,
			);
			mainGroup = 9CA05DAA299BA9A0009D71CA;
			productRefGroup = 9CA05DB4299BA9A0009D71CA /* Products */;
			projectDirPath = "";
			projectRoot = "";
			targets = (
				9CA05DB2299BA9A0009D71CA /* DispatchGroup */,
			);
		};
/* End PBXProject section */

/* Begin PBXResourcesBuildPhase section */
		9CA05DB1299BA9A0009D71CA /* Resources */ = {
			isa = PBXResourcesBuildPhase;
			buildActionMask = 2147483647;
			files = (
				9CA05DC3299BA9A5009D71CA /* LaunchScreen.storyboard in Resources */,
				9CA05DC0299BA9A5009D71CA /* Assets.xcassets in Resources */,
				9CA05DBE299BA9A0009D71CA /* Main.storyboard in Resources */,
			);
			runOnlyForDeploymentPostprocessing = 0;
		};
/* End PBXResourcesBuildPhase section */

/* Begin PBXSourcesBuildPhase section */
		9CA05DAF299BA9A0009D71CA /* Sources */ = {
			isa = PBXSourcesBuildPhase;
			buildActionMask = 2147483647;
			files = (
				9CA05DCF299BAADF009D71CA /* CityServiceModel.swift in Sources */,
				9CA05DBB299BA9A0009D71CA /* ViewController.swift in Sources */,
				9CA05DB7299BA9A0009D71CA /* AppDelegate.swift in Sources */,
				9CA05DCC299BAABE009D71CA /* CitiesManager.swift in Sources */,
				9CA05DB9299BA9A0009D71CA /* SceneDelegate.swift in Sources */,
			);
			runOnlyForDeploymentPostprocessing = 0;
		};
/* End PBXSourcesBuildPhase section */

/* Begin PBXVariantGroup section */
		9CA05DBC299BA9A0009D71CA /* Main.storyboard */ = {
			isa = PBXVariantGroup;
			children = (
				9CA05DBD299BA9A0009D71CA /* Base */,
			);
			name = Main.storyboard;
			sourceTree = "<group>";
		};
		9CA05DC1299BA9A5009D71CA /* LaunchScreen.storyboard */ = {
			isa = PBXVariantGroup;
			children = (
				9CA05DC2299BA9A5009D71CA /* Base */,
			);
			name = LaunchScreen.storyboard;
			sourceTree = "<group>";
		};
/* End PBXVariantGroup section */

/* Begin XCBuildConfiguration section */
		9CA05DC5299BA9A5009D71CA /* Debug */ = {
			isa = XCBuildConfiguration;
			buildSettings = {
				ALWAYS_SEARCH_USER_PATHS = NO;
				CLANG_ANALYZER_NONNULL = YES;
				CLANG_ANALYZER_NUMBER_OBJECT_CONVERSION = YES_AGGRESSIVE;
				CLANG_CXX_LANGUAGE_STANDARD = "gnu++20";
				CLANG_ENABLE_MODULES = YES;
				CLANG_ENABLE_OBJC_ARC = YES;
				CLANG_ENABLE_OBJC_WEAK = YES;
				CLANG_WARN_BLOCK_CAPTURE_AUTORELEASING = YES;
				CLANG_WARN_BOOL_CONVERSION = YES;
				CLANG_WARN_COMMA = YES;
				CLANG_WARN_CONSTANT_CONVERSION = YES;
				CLANG_WARN_DEPRECATED_OBJC_IMPLEMENTATIONS = YES;
				CLANG_WARN_DIRECT_OBJC_ISA_USAGE = YES_ERROR;
				CLANG_WARN_DOCUMENTATION_COMMENTS = YES;
				CLANG_WARN_EMPTY_BODY = YES;
				CLANG_WARN_ENUM_CONVERSION = YES;
				CLANG_WARN_INFINITE_RECURSION = YES;
				CLANG_WARN_INT_CONVERSION = YES;
				CLANG_WARN_NON_LITERAL_NULL_CONVERSION = YES;
				CLANG_WARN_OBJC_IMPLICIT_RETAIN_SELF = YES;
				CLANG_WARN_OBJC_LITERAL_CONVERSION = YES;
				CLANG_WARN_OBJC_ROOT_CLASS = YES_ERROR;
				CLANG_WARN_QUOTED_INCLUDE_IN_FRAMEWORK_HEADER = YES;
				CLANG_WARN_RANGE_LOOP_ANALYSIS = YES;
				CLANG_WARN_STRICT_PROTOTYPES = YES;
				CLANG_WARN_SUSPICIOUS_MOVE = YES;
				CLANG_WARN_UNGUARDED_AVAILABILITY = YES_AGGRESSIVE;
				CLANG_WARN_UNREACHABLE_CODE = YES;
				CLANG_WARN__DUPLICATE_METHOD_MATCH = YES;
				COPY_PHASE_STRIP = NO;
				DEBUG_INFORMATION_FORMAT = dwarf;
				ENABLE_STRICT_OBJC_MSGSEND = YES;
				ENABLE_TESTABILITY = YES;
				GCC_C_LANGUAGE_STANDARD = gnu11;
				GCC_DYNAMIC_NO_PIC = NO;
				GCC_NO_COMMON_BLOCKS = YES;
				GCC_OPTIMIZATION_LEVEL = 0;
				GCC_PREPROCESSOR_DEFINITIONS = (
					"DEBUG=1",
					"$(inherited)",
				);
				GCC_WARN_64_TO_32_BIT_CONVERSION = YES;
				GCC_WARN_ABOUT_RETURN_TYPE = YES_ERROR;
				GCC_WARN_UNDECLARED_SELECTOR = YES;
				GCC_WARN_UNINITIALIZED_AUTOS = YES_AGGRESSIVE;
				GCC_WARN_UNUSED_FUNCTION = YES;
				GCC_WARN_UNUSED_VARIABLE = YES;
				IPHONEOS_DEPLOYMENT_TARGET = 16.0;
				MTL_ENABLE_DEBUG_INFO = INCLUDE_SOURCE;
				MTL_FAST_MATH = YES;
				ONLY_ACTIVE_ARCH = YES;
				SDKROOT = iphoneos;
				SWIFT_ACTIVE_COMPILATION_CONDITIONS = DEBUG;
				SWIFT_OPTIMIZATION_LEVEL = "-Onone";
			};
			name = Debug;
		};
		9CA05DC6299BA9A5009D71CA /* Release */ = {
			isa = XCBuildConfiguration;
			buildSettings = {
				ALWAYS_SEARCH_USER_PATHS = NO;
				CLANG_ANALYZER_NONNULL = YES;
				CLANG_ANALYZER_NUMBER_OBJECT_CONVERSION = YES_AGGRESSIVE;
				CLANG_CXX_LANGUAGE_STANDARD = "gnu++20";
				CLANG_ENABLE_MODULES = YES;
				CLANG_ENABLE_OBJC_ARC = YES;
				CLANG_ENABLE_OBJC_WEAK = YES;
				CLANG_WARN_BLOCK_CAPTURE_AUTORELEASING = YES;
				CLANG_WARN_BOOL_CONVERSION = YES;
				CLANG_WARN_COMMA = YES;
				CLANG_WARN_CONSTANT_CONVERSION = YES;
				CLANG_WARN_DEPRECATED_OBJC_IMPLEMENTATIONS = YES;
				CLANG_WARN_DIRECT_OBJC_ISA_USAGE = YES_ERROR;
				CLANG_WARN_DOCUMENTATION_COMMENTS = YES;
				CLANG_WARN_EMPTY_BODY = YES;
				CLANG_WARN_ENUM_CONVERSION = YES;
				CLANG_WARN_INFINITE_RECURSION = YES;
				CLANG_WARN_INT_CONVERSION = YES;
				CLANG_WARN_NON_LITERAL_NULL_CONVERSION = YES;
				CLANG_WARN_OBJC_IMPLICIT_RETAIN_SELF = YES;
				CLANG_WARN_OBJC_LITERAL_CONVERSION = YES;
				CLANG_WARN_OBJC_ROOT_CLASS = YES_ERROR;
				CLANG_WARN_QUOTED_INCLUDE_IN_FRAMEWORK_HEADER = YES;
				CLANG_WARN_RANGE_LOOP_ANALYSIS = YES;
				CLANG_WARN_STRICT_PROTOTYPES = YES;
				CLANG_WARN_SUSPICIOUS_MOVE = YES;
				CLANG_WARN_UNGUARDED_AVAILABILITY = YES_AGGRESSIVE;
				CLANG_WARN_UNREACHABLE_CODE = YES;
				CLANG_WARN__DUPLICATE_METHOD_MATCH = YES;
				COPY_PHASE_STRIP = NO;
				DEBUG_INFORMATION_FORMAT = "dwarf-with-dsym";
				ENABLE_NS_ASSERTIONS = NO;
				ENABLE_STRICT_OBJC_MSGSEND = YES;
				GCC_C_LANGUAGE_STANDARD = gnu11;
				GCC_NO_COMMON_BLOCKS = YES;
				GCC_WARN_64_TO_32_BIT_CONVERSION = YES;
				GCC_WARN_ABOUT_RETURN_TYPE = YES_ERROR;
				GCC_WARN_UNDECLARED_SELECTOR = YES;
				GCC_WARN_UNINITIALIZED_AUTOS = YES_AGGRESSIVE;
				GCC_WARN_UNUSED_FUNCTION = YES;
				GCC_WARN_UNUSED_VARIABLE = YES;
				IPHONEOS_DEPLOYMENT_TARGET = 16.0;
				MTL_ENABLE_DEBUG_INFO = NO;
				MTL_FAST_MATH = YES;
				SDKROOT = iphoneos;
				SWIFT_COMPILATION_MODE = wholemodule;
				SWIFT_OPTIMIZATION_LEVEL = "-O";
				VALIDATE_PRODUCT = YES;
			};
			name = Release;
		};
		9CA05DC8299BA9A5009D71CA /* Debug */ = {
			isa = XCBuildConfiguration;
			buildSettings = {
				ASSETCATALOG_COMPILER_APPICON_NAME = AppIcon;
				ASSETCATALOG_COMPILER_GLOBAL_ACCENT_COLOR_NAME = AccentColor;
				CODE_SIGN_STYLE = Automatic;
				CURRENT_PROJECT_VERSION = 1;
				DEVELOPMENT_TEAM = 4775N3MRQP;
				GENERATE_INFOPLIST_FILE = YES;
				INFOPLIST_FILE = DispatchGroup/Info.plist;
				INFOPLIST_KEY_UIApplicationSupportsIndirectInputEvents = YES;
				INFOPLIST_KEY_UILaunchStoryboardName = LaunchScreen;
				INFOPLIST_KEY_UIMainStoryboardFile = Main;
				INFOPLIST_KEY_UISupportedInterfaceOrientations_iPad = "UIInterfaceOrientationPortrait UIInterfaceOrientationPortraitUpsideDown UIInterfaceOrientationLandscapeLeft UIInterfaceOrientationLandscapeRight";
				INFOPLIST_KEY_UISupportedInterfaceOrientations_iPhone = "UIInterfaceOrientationPortrait UIInterfaceOrientationLandscapeLeft UIInterfaceOrientationLandscapeRight";
				LD_RUNPATH_SEARCH_PATHS = (
					"$(inherited)",
					"@executable_path/Frameworks",
				);
				MARKETING_VERSION = 1.0;
				PRODUCT_BUNDLE_IDENTIFIER = ru.kostyakulakov.DispatchGroup;
				PRODUCT_NAME = "$(TARGET_NAME)";
				SWIFT_EMIT_LOC_STRINGS = YES;
				SWIFT_VERSION = 5.0;
				TARGETED_DEVICE_FAMILY = "1,2";
			};
			name = Debug;
		};
		9CA05DC9299BA9A5009D71CA /* Release */ = {
			isa = XCBuildConfiguration;
			buildSettings = {
				ASSETCATALOG_COMPILER_APPICON_NAME = AppIcon;
				ASSETCATALOG_COMPILER_GLOBAL_ACCENT_COLOR_NAME = AccentColor;
				CODE_SIGN_STYLE = Automatic;
				CURRENT_PROJECT_VERSION = 1;
				DEVELOPMENT_TEAM = 4775N3MRQP;
				GENERATE_INFOPLIST_FILE = YES;
				INFOPLIST_FILE = DispatchGroup/Info.plist;
				INFOPLIST_KEY_UIApplicationSupportsIndirectInputEvents = YES;
				INFOPLIST_KEY_UILaunchStoryboardName = LaunchScreen;
				INFOPLIST_KEY_UIMainStoryboardFile = Main;
				INFOPLIST_KEY_UISupportedInterfaceOrientations_iPad = "UIInterfaceOrientationPortrait UIInterfaceOrientationPortraitUpsideDown UIInterfaceOrientationLandscapeLeft UIInterfaceOrientationLandscapeRight";
				INFOPLIST_KEY_UISupportedInterfaceOrientations_iPhone = "UIInterfaceOrientationPortrait UIInterfaceOrientationLandscapeLeft UIInterfaceOrientationLandscapeRight";
				LD_RUNPATH_SEARCH_PATHS = (
					"$(inherited)",
					"@executable_path/Frameworks",
				);
				MARKETING_VERSION = 1.0;
				PRODUCT_BUNDLE_IDENTIFIER = ru.kostyakulakov.DispatchGroup;
				PRODUCT_NAME = "$(TARGET_NAME)";
				SWIFT_EMIT_LOC_STRINGS = YES;
				SWIFT_VERSION = 5.0;
				TARGETED_DEVICE_FAMILY = "1,2";
			};
			name = Release;
		};
/* End XCBuildConfiguration section */

/* Begin XCConfigurationList section */
		9CA05DAE299BA9A0009D71CA /* Build configuration list for PBXProject "DispatchGroup" */ = {
			isa = XCConfigurationList;
			buildConfigurations = (
				9CA05DC5299BA9A5009D71CA /* Debug */,
				9CA05DC6299BA9A5009D71CA /* Release */,
			);
			defaultConfigurationIsVisible = 0;
			defaultConfigurationName = Release;
		};
		9CA05DC7299BA9A5009D71CA /* Build configuration list for PBXNativeTarget "DispatchGroup" */ = {
			isa = XCConfigurationList;
			buildConfigurations = (
				9CA05DC8299BA9A5009D71CA /* Debug */,
				9CA05DC9299BA9A5009D71CA /* Release */,
			);
			defaultConfigurationIsVisible = 0;
			defaultConfigurationName = Release;
		};
/* End XCConfigurationList section */
	};
	rootObject = 9CA05DAB299BA9A0009D71CA /* Project object */;
}
