// !$*UTF8*$!
{
	archiveVersion = 1;
	classes = {
	};
	objectVersion = 56;
	objects = {

/* Begin PBXBuildFile section */
		9CE5EA6A290836EF00A15E6E /* AppDelegate.swift in Sources */ = {isa = PBXBuildFile; fileRef = 9CE5EA69290836EF00A15E6E /* AppDelegate.swift */; };
		9CE5EA6C290836EF00A15E6E /* SceneDelegate.swift in Sources */ = {isa = PBXBuildFile; fileRef = 9CE5EA6B290836EF00A15E6E /* SceneDelegate.swift */; };
		9CE5EA6E290836EF00A15E6E /* ViewController.swift in Sources */ = {isa = PBXBuildFile; fileRef = 9CE5EA6D290836EF00A15E6E /* ViewController.swift */; };
		9CE5EA71290836EF00A15E6E /* Main.storyboard in Resources */ = {isa = PBXBuildFile; fileRef = 9CE5EA6F290836EF00A15E6E /* Main.storyboard */; };
		9CE5EA73290836EF00A15E6E /* Assets.xcassets in Resources */ = {isa = PBXBuildFile; fileRef = 9CE5EA72290836EF00A15E6E /* Assets.xcassets */; };
		9CE5EA76290836EF00A15E6E /* LaunchScreen.storyboard in Resources */ = {isa = PBXBuildFile; fileRef = 9CE5EA74290836EF00A15E6E /* LaunchScreen.storyboard */; };
		9CE5EA7E2908481300A15E6E /* ResultViewController.swift in Sources */ = {isa = PBXBuildFile; fileRef = 9CE5EA7D2908481300A15E6E /* ResultViewController.swift */; };
		9CE5EA802908515B00A15E6E /* ScrollViewController.swift in Sources */ = {isa = PBXBuildFile; fileRef = 9CE5EA7F2908515B00A15E6E /* ScrollViewController.swift */; };
		9CE5EA82290853FD00A15E6E /* MyStoryboard.storyboard in Resources */ = {isa = PBXBuildFile; fileRef = 9CE5EA81290853FD00A15E6E /* MyStoryboard.storyboard */; };
/* End PBXBuildFile section */

/* Begin PBXFileReference section */
		9CE5EA66290836EF00A15E6E /* Lecture.app */ = {isa = PBXFileReference; explicitFileType = wrapper.application; includeInIndex = 0; path = Lecture.app; sourceTree = BUILT_PRODUCTS_DIR; };
		9CE5EA69290836EF00A15E6E /* AppDelegate.swift */ = {isa = PBXFileReference; lastKnownFileType = sourcecode.swift; path = AppDelegate.swift; sourceTree = "<group>"; };
		9CE5EA6B290836EF00A15E6E /* SceneDelegate.swift */ = {isa = PBXFileReference; lastKnownFileType = sourcecode.swift; path = SceneDelegate.swift; sourceTree = "<group>"; };
		9CE5EA6D290836EF00A15E6E /* ViewController.swift */ = {isa = PBXFileReference; lastKnownFileType = sourcecode.swift; path = ViewController.swift; sourceTree = "<group>"; };
		9CE5EA70290836EF00A15E6E /* Base */ = {isa = PBXFileReference; lastKnownFileType = file.storyboard; name = Base; path = Base.lproj/Main.storyboard; sourceTree = "<group>"; };
		9CE5EA72290836EF00A15E6E /* Assets.xcassets */ = {isa = PBXFileReference; lastKnownFileType = folder.assetcatalog; path = Assets.xcassets; sourceTree = "<group>"; };
		9CE5EA75290836EF00A15E6E /* Base */ = {isa = PBXFileReference; lastKnownFileType = file.storyboard; name = Base; path = Base.lproj/LaunchScreen.storyboard; sourceTree = "<group>"; };
		9CE5EA77290836EF00A15E6E /* Info.plist */ = {isa = PBXFileReference; lastKnownFileType = text.plist.xml; path = Info.plist; sourceTree = "<group>"; };
		9CE5EA7D2908481300A15E6E /* ResultViewController.swift */ = {isa = PBXFileReference; lastKnownFileType = sourcecode.swift; path = ResultViewController.swift; sourceTree = "<group>"; };
		9CE5EA7F2908515B00A15E6E /* ScrollViewController.swift */ = {isa = PBXFileReference; lastKnownFileType = sourcecode.swift; path = ScrollViewController.swift; sourceTree = "<group>"; };
		9CE5EA81290853FD00A15E6E /* MyStoryboard.storyboard */ = {isa = PBXFileReference; lastKnownFileType = file.storyboard; path = MyStoryboard.storyboard; sourceTree = "<group>"; };
/* End PBXFileReference section */

/* Begin PBXFrameworksBuildPhase section */
		9CE5EA63290836EF00A15E6E /* Frameworks */ = {
			isa = PBXFrameworksBuildPhase;
			buildActionMask = 2147483647;
			files = (
			);
			runOnlyForDeploymentPostprocessing = 0;
		};
/* End PBXFrameworksBuildPhase section */

/* Begin PBXGroup section */
		9CE5EA5D290836EF00A15E6E = {
			isa = PBXGroup;
			children = (
				9CE5EA68290836EF00A15E6E /* Lecture */,
				9CE5EA67290836EF00A15E6E /* Products */,
			);
			sourceTree = "<group>";
		};
		9CE5EA67290836EF00A15E6E /* Products */ = {
			isa = PBXGroup;
			children = (
				9CE5EA66290836EF00A15E6E /* Lecture.app */,
			);
			name = Products;
			sourceTree = "<group>";
		};
		9CE5EA68290836EF00A15E6E /* Lecture */ = {
			isa = PBXGroup;
			children = (
				9CE5EA69290836EF00A15E6E /* AppDelegate.swift */,
				9CE5EA6B290836EF00A15E6E /* SceneDelegate.swift */,
				9CE5EA6D290836EF00A15E6E /* ViewController.swift */,
				9CE5EA6F290836EF00A15E6E /* Main.storyboard */,
				9CE5EA72290836EF00A15E6E /* Assets.xcassets */,
				9CE5EA74290836EF00A15E6E /* LaunchScreen.storyboard */,
				9CE5EA77290836EF00A15E6E /* Info.plist */,
				9CE5EA7D2908481300A15E6E /* ResultViewController.swift */,
				9CE5EA7F2908515B00A15E6E /* ScrollViewController.swift */,
				9CE5EA81290853FD00A15E6E /* MyStoryboard.storyboard */,
			);
			path = Lecture;
			sourceTree = "<group>";
		};
/* End PBXGroup section */

/* Begin PBXNativeTarget section */
		9CE5EA65290836EF00A15E6E /* Lecture */ = {
			isa = PBXNativeTarget;
			buildConfigurationList = 9CE5EA7A290836EF00A15E6E /* Build configuration list for PBXNativeTarget "Lecture" */;
			buildPhases = (
				9CE5EA62290836EF00A15E6E /* Sources */,
				9CE5EA63290836EF00A15E6E /* Frameworks */,
				9CE5EA64290836EF00A15E6E /* Resources */,
			);
			buildRules = (
			);
			dependencies = (
			);
			name = Lecture;
			productName = Lecture;
			productReference = 9CE5EA66290836EF00A15E6E /* Lecture.app */;
			productType = "com.apple.product-type.application";
		};
/* End PBXNativeTarget section */

/* Begin PBXProject section */
		9CE5EA5E290836EF00A15E6E /* Project object */ = {
			isa = PBXProject;
			attributes = {
				BuildIndependentTargetsInParallel = 1;
				LastSwiftUpdateCheck = 1400;
				LastUpgradeCheck = 1400;
				TargetAttributes = {
					9CE5EA65290836EF00A15E6E = {
						CreatedOnToolsVersion = 14.0.1;
					};
				};
			};
			buildConfigurationList = 9CE5EA61290836EF00A15E6E /* Build configuration list for PBXProject "Lecture" */;
			compatibilityVersion = "Xcode 14.0";
			developmentRegion = en;
			hasScannedForEncodings = 0;
			knownRegions = (
				en,
				Base,
			);
			mainGroup = 9CE5EA5D290836EF00A15E6E;
			productRefGroup = 9CE5EA67290836EF00A15E6E /* Products */;
			projectDirPath = "";
			projectRoot = "";
			targets = (
				9CE5EA65290836EF00A15E6E /* Lecture */,
			);
		};
/* End PBXProject section */

/* Begin PBXResourcesBuildPhase section */
		9CE5EA64290836EF00A15E6E /* Resources */ = {
			isa = PBXResourcesBuildPhase;
			buildActionMask = 2147483647;
			files = (
				9CE5EA76290836EF00A15E6E /* LaunchScreen.storyboard in Resources */,
				9CE5EA82290853FD00A15E6E /* MyStoryboard.storyboard in Resources */,
				9CE5EA73290836EF00A15E6E /* Assets.xcassets in Resources */,
				9CE5EA71290836EF00A15E6E /* Main.storyboard in Resources */,
			);
			runOnlyForDeploymentPostprocessing = 0;
		};
/* End PBXResourcesBuildPhase section */

/* Begin PBXSourcesBuildPhase section */
		9CE5EA62290836EF00A15E6E /* Sources */ = {
			isa = PBXSourcesBuildPhase;
			buildActionMask = 2147483647;
			files = (
				9CE5EA6E290836EF00A15E6E /* ViewController.swift in Sources */,
				9CE5EA6A290836EF00A15E6E /* AppDelegate.swift in Sources */,
				9CE5EA802908515B00A15E6E /* ScrollViewController.swift in Sources */,
				9CE5EA6C290836EF00A15E6E /* SceneDelegate.swift in Sources */,
				9CE5EA7E2908481300A15E6E /* ResultViewController.swift in Sources */,
			);
			runOnlyForDeploymentPostprocessing = 0;
		};
/* End PBXSourcesBuildPhase section */

/* Begin PBXVariantGroup section */
		9CE5EA6F290836EF00A15E6E /* Main.storyboard */ = {
			isa = PBXVariantGroup;
			children = (
				9CE5EA70290836EF00A15E6E /* Base */,
			);
			name = Main.storyboard;
			sourceTree = "<group>";
		};
		9CE5EA74290836EF00A15E6E /* LaunchScreen.storyboard */ = {
			isa = PBXVariantGroup;
			children = (
				9CE5EA75290836EF00A15E6E /* Base */,
			);
			name = LaunchScreen.storyboard;
			sourceTree = "<group>";
		};
/* End PBXVariantGroup section */

/* Begin XCBuildConfiguration section */
		9CE5EA78290836EF00A15E6E /* Debug */ = {
			isa = XCBuildConfiguration;
			buildSettings = {
				ALWAYS_SEARCH_USER_PATHS = NO;
				CLANG_ANALYZER_NONNULL = YES;
				CLANG_ANALYZER_NUMBER_OBJECT_CONVERSION = YES_AGGRESSIVE;
				CLANG_CXX_LANGUAGE_STANDARD = "gnu++20";
				CLANG_ENABLE_MODULES = YES;
				CLANG_ENABLE_OBJC_ARC = YES;
				CLANG_ENABLE_OBJC_WEAK = YES;
				CLANG_WARN_BLOCK_CAPTURE_AUTORELEASING = YES;
				CLANG_WARN_BOOL_CONVERSION = YES;
				CLANG_WARN_COMMA = YES;
				CLANG_WARN_CONSTANT_CONVERSION = YES;
				CLANG_WARN_DEPRECATED_OBJC_IMPLEMENTATIONS = YES;
				CLANG_WARN_DIRECT_OBJC_ISA_USAGE = YES_ERROR;
				CLANG_WARN_DOCUMENTATION_COMMENTS = YES;
				CLANG_WARN_EMPTY_BODY = YES;
				CLANG_WARN_ENUM_CONVERSION = YES;
				CLANG_WARN_INFINITE_RECURSION = YES;
				CLANG_WARN_INT_CONVERSION = YES;
				CLANG_WARN_NON_LITERAL_NULL_CONVERSION = YES;
				CLANG_WARN_OBJC_IMPLICIT_RETAIN_SELF = YES;
				CLANG_WARN_OBJC_LITERAL_CONVERSION = YES;
				CLANG_WARN_OBJC_ROOT_CLASS = YES_ERROR;
				CLANG_WARN_QUOTED_INCLUDE_IN_FRAMEWORK_HEADER = YES;
				CLANG_WARN_RANGE_LOOP_ANALYSIS = YES;
				CLANG_WARN_STRICT_PROTOTYPES = YES;
				CLANG_WARN_SUSPICIOUS_MOVE = YES;
				CLANG_WARN_UNGUARDED_AVAILABILITY = YES_AGGRESSIVE;
				CLANG_WARN_UNREACHABLE_CODE = YES;
				CLANG_WARN__DUPLICATE_METHOD_MATCH = YES;
				COPY_PHASE_STRIP = NO;
				DEBUG_INFORMATION_FORMAT = dwarf;
				ENABLE_STRICT_OBJC_MSGSEND = YES;
				ENABLE_TESTABILITY = YES;
				GCC_C_LANGUAGE_STANDARD = gnu11;
				GCC_DYNAMIC_NO_PIC = NO;
				GCC_NO_COMMON_BLOCKS = YES;
				GCC_OPTIMIZATION_LEVEL = 0;
				GCC_PREPROCESSOR_DEFINITIONS = (
					"DEBUG=1",
					"$(inherited)",
				);
				GCC_WARN_64_TO_32_BIT_CONVERSION = YES;
				GCC_WARN_ABOUT_RETURN_TYPE = YES_ERROR;
				GCC_WARN_UNDECLARED_SELECTOR = YES;
				GCC_WARN_UNINITIALIZED_AUTOS = YES_AGGRESSIVE;
				GCC_WARN_UNUSED_FUNCTION = YES;
				GCC_WARN_UNUSED_VARIABLE = YES;
				IPHONEOS_DEPLOYMENT_TARGET = 16.0;
				MTL_ENABLE_DEBUG_INFO = INCLUDE_SOURCE;
				MTL_FAST_MATH = YES;
				ONLY_ACTIVE_ARCH = YES;
				SDKROOT = iphoneos;
				SWIFT_ACTIVE_COMPILATION_CONDITIONS = DEBUG;
				SWIFT_OPTIMIZATION_LEVEL = "-Onone";
			};
			name = Debug;
		};
		9CE5EA79290836EF00A15E6E /* Release */ = {
			isa = XCBuildConfiguration;
			buildSettings = {
				ALWAYS_SEARCH_USER_PATHS = NO;
				CLANG_ANALYZER_NONNULL = YES;
				CLANG_ANALYZER_NUMBER_OBJECT_CONVERSION = YES_AGGRESSIVE;
				CLANG_CXX_LANGUAGE_STANDARD = "gnu++20";
				CLANG_ENABLE_MODULES = YES;
				CLANG_ENABLE_OBJC_ARC = YES;
				CLANG_ENABLE_OBJC_WEAK = YES;
				CLANG_WARN_BLOCK_CAPTURE_AUTORELEASING = YES;
				CLANG_WARN_BOOL_CONVERSION = YES;
				CLANG_WARN_COMMA = YES;
				CLANG_WARN_CONSTANT_CONVERSION = YES;
				CLANG_WARN_DEPRECATED_OBJC_IMPLEMENTATIONS = YES;
				CLANG_WARN_DIRECT_OBJC_ISA_USAGE = YES_ERROR;
				CLANG_WARN_DOCUMENTATION_COMMENTS = YES;
				CLANG_WARN_EMPTY_BODY = YES;
				CLANG_WARN_ENUM_CONVERSION = YES;
				CLANG_WARN_INFINITE_RECURSION = YES;
				CLANG_WARN_INT_CONVERSION = YES;
				CLANG_WARN_NON_LITERAL_NULL_CONVERSION = YES;
				CLANG_WARN_OBJC_IMPLICIT_RETAIN_SELF = YES;
				CLANG_WARN_OBJC_LITERAL_CONVERSION = YES;
				CLANG_WARN_OBJC_ROOT_CLASS = YES_ERROR;
				CLANG_WARN_QUOTED_INCLUDE_IN_FRAMEWORK_HEADER = YES;
				CLANG_WARN_RANGE_LOOP_ANALYSIS = YES;
				CLANG_WARN_STRICT_PROTOTYPES = YES;
				CLANG_WARN_SUSPICIOUS_MOVE = YES;
				CLANG_WARN_UNGUARDED_AVAILABILITY = YES_AGGRESSIVE;
				CLANG_WARN_UNREACHABLE_CODE = YES;
				CLANG_WARN__DUPLICATE_METHOD_MATCH = YES;
				COPY_PHASE_STRIP = NO;
				DEBUG_INFORMATION_FORMAT = "dwarf-with-dsym";
				ENABLE_NS_ASSERTIONS = NO;
				ENABLE_STRICT_OBJC_MSGSEND = YES;
				GCC_C_LANGUAGE_STANDARD = gnu11;
				GCC_NO_COMMON_BLOCKS = YES;
				GCC_WARN_64_TO_32_BIT_CONVERSION = YES;
				GCC_WARN_ABOUT_RETURN_TYPE = YES_ERROR;
				GCC_WARN_UNDECLARED_SELECTOR = YES;
				GCC_WARN_UNINITIALIZED_AUTOS = YES_AGGRESSIVE;
				GCC_WARN_UNUSED_FUNCTION = YES;
				GCC_WARN_UNUSED_VARIABLE = YES;
				IPHONEOS_DEPLOYMENT_TARGET = 16.0;
				MTL_ENABLE_DEBUG_INFO = NO;
				MTL_FAST_MATH = YES;
				SDKROOT = iphoneos;
				SWIFT_COMPILATION_MODE = wholemodule;
				SWIFT_OPTIMIZATION_LEVEL = "-O";
				VALIDATE_PRODUCT = YES;
			};
			name = Release;
		};
		9CE5EA7B290836EF00A15E6E /* Debug */ = {
			isa = XCBuildConfiguration;
			buildSettings = {
				ASSETCATALOG_COMPILER_APPICON_NAME = AppIcon;
				ASSETCATALOG_COMPILER_GLOBAL_ACCENT_COLOR_NAME = AccentColor;
				CODE_SIGN_STYLE = Automatic;
				CURRENT_PROJECT_VERSION = 1;
				DEVELOPMENT_TEAM = 96VD7F35W2;
				GENERATE_INFOPLIST_FILE = YES;
				INFOPLIST_FILE = Lecture/Info.plist;
				INFOPLIST_KEY_CFBundleDisplayName = "My great app";
				INFOPLIST_KEY_UIApplicationSupportsIndirectInputEvents = YES;
				INFOPLIST_KEY_UILaunchStoryboardName = LaunchScreen;
				INFOPLIST_KEY_UIMainStoryboardFile = Main;
				INFOPLIST_KEY_UISupportedInterfaceOrientations_iPad = "UIInterfaceOrientationPortrait UIInterfaceOrientationPortraitUpsideDown UIInterfaceOrientationLandscapeLeft UIInterfaceOrientationLandscapeRight";
				INFOPLIST_KEY_UISupportedInterfaceOrientations_iPhone = "UIInterfaceOrientationPortrait UIInterfaceOrientationLandscapeLeft UIInterfaceOrientationLandscapeRight";
				LD_RUNPATH_SEARCH_PATHS = (
					"$(inherited)",
					"@executable_path/Frameworks",
				);
				MARKETING_VERSION = 1.0;
				PRODUCT_BUNDLE_IDENTIFIER = ru.kostyakulakov.Lecture;
				PRODUCT_NAME = "$(TARGET_NAME)";
				SWIFT_EMIT_LOC_STRINGS = YES;
				SWIFT_VERSION = 5.0;
				TARGETED_DEVICE_FAMILY = "1,2";
			};
			name = Debug;
		};
		9CE5EA7C290836EF00A15E6E /* Release */ = {
			isa = XCBuildConfiguration;
			buildSettings = {
				ASSETCATALOG_COMPILER_APPICON_NAME = AppIcon;
				ASSETCATALOG_COMPILER_GLOBAL_ACCENT_COLOR_NAME = AccentColor;
				CODE_SIGN_STYLE = Automatic;
				CURRENT_PROJECT_VERSION = 1;
				DEVELOPMENT_TEAM = 96VD7F35W2;
				GENERATE_INFOPLIST_FILE = YES;
				INFOPLIST_FILE = Lecture/Info.plist;
				INFOPLIST_KEY_CFBundleDisplayName = "My great app";
				INFOPLIST_KEY_UIApplicationSupportsIndirectInputEvents = YES;
				INFOPLIST_KEY_UILaunchStoryboardName = LaunchScreen;
				INFOPLIST_KEY_UIMainStoryboardFile = Main;
				INFOPLIST_KEY_UISupportedInterfaceOrientations_iPad = "UIInterfaceOrientationPortrait UIInterfaceOrientationPortraitUpsideDown UIInterfaceOrientationLandscapeLeft UIInterfaceOrientationLandscapeRight";
				INFOPLIST_KEY_UISupportedInterfaceOrientations_iPhone = "UIInterfaceOrientationPortrait UIInterfaceOrientationLandscapeLeft UIInterfaceOrientationLandscapeRight";
				LD_RUNPATH_SEARCH_PATHS = (
					"$(inherited)",
					"@executable_path/Frameworks",
				);
				MARKETING_VERSION = 1.0;
				PRODUCT_BUNDLE_IDENTIFIER = ru.kostyakulakov.Lecture;
				PRODUCT_NAME = "$(TARGET_NAME)";
				SWIFT_EMIT_LOC_STRINGS = YES;
				SWIFT_VERSION = 5.0;
				TARGETED_DEVICE_FAMILY = "1,2";
			};
			name = Release;
		};
/* End XCBuildConfiguration section */

/* Begin XCConfigurationList section */
		9CE5EA61290836EF00A15E6E /* Build configuration list for PBXProject "Lecture" */ = {
			isa = XCConfigurationList;
			buildConfigurations = (
				9CE5EA78290836EF00A15E6E /* Debug */,
				9CE5EA79290836EF00A15E6E /* Release */,
			);
			defaultConfigurationIsVisible = 0;
			defaultConfigurationName = Release;
		};
		9CE5EA7A290836EF00A15E6E /* Build configuration list for PBXNativeTarget "Lecture" */ = {
			isa = XCConfigurationList;
			buildConfigurations = (
				9CE5EA7B290836EF00A15E6E /* Debug */,
				9CE5EA7C290836EF00A15E6E /* Release */,
			);
			defaultConfigurationIsVisible = 0;
			defaultConfigurationName = Release;
		};
/* End XCConfigurationList section */
	};
	rootObject = 9CE5EA5E290836EF00A15E6E /* Project object */;
}
